
Microsoft Visual Studio Solution File, Format Version 12.00
# Visual Studio Version 16
VisualStudioVersion = 16.0.32126.315
MinimumVisualStudioVersion = 10.0.40219.1
Project("{FAE04EC0-301F-11D3-BF4B-00C04F79EFBC}") = "Ex1_Pag18_03", "Ex1_Pag18_03\Ex1_Pag18_03.csproj", "{4F8E50C3-DE16-432B-9BBD-D44A0FF5B88A}"
EndProject
Global
	GlobalSection(SolutionConfigurationPlatforms) = preSolution
		Debug|Any CPU = Debug|Any CPU
		Release|Any CPU = Release|Any CPU
	EndGlobalSection
	GlobalSection(ProjectConfigurationPlatforms) = postSolution
		{4F8E50C3-DE16-432B-9BBD-D44A0FF5B88A}.Debug|Any CPU.ActiveCfg = Debug|Any CPU
		{4F8E50C3-DE16-432B-9BBD-D44A0FF5B88A}.Debug|Any CPU.Build.0 = Debug|Any CPU
		{4F8E50C3-DE16-432B-9BBD-D44A0FF5B88A}.Release|Any CPU.ActiveCfg = Release|Any CPU
		{4F8E50C3-DE16-432B-9BBD-D44A0FF5B88A}.Release|Any CPU.Build.0 = Release|Any CPU
	EndGlobalSection
	GlobalSection(SolutionProperties) = preSolution
		HideSolutionNode = FALSE
	EndGlobalSection
	GlobalSection(ExtensibilityGlobals) = postSolution
		SolutionGuid = {35449E66-71E2-4B04-89AE-34F2FD5D3A4C}
	EndGlobalSection
EndGlobal
