
Microsoft Visual Studio Solution File, Format Version 12.00
# Visual Studio Version 16
VisualStudioVersion = 16.0.32126.315
MinimumVisualStudioVersion = 10.0.40219.1
Project("{FAE04EC0-301F-11D3-BF4B-00C04F79EFBC}") = "Ex1_Pag15_05", "Ex1_Pag15_05\Ex1_Pag15_05.csproj", "{B6E69ECD-CB2D-4ED1-8132-C55E89141A4A}"
EndProject
Global
	GlobalSection(SolutionConfigurationPlatforms) = preSolution
		Debug|Any CPU = Debug|Any CPU
		Release|Any CPU = Release|Any CPU
	EndGlobalSection
	GlobalSection(ProjectConfigurationPlatforms) = postSolution
		{B6E69ECD-CB2D-4ED1-8132-C55E89141A4A}.Debug|Any CPU.ActiveCfg = Debug|Any CPU
		{B6E69ECD-CB2D-4ED1-8132-C55E89141A4A}.Debug|Any CPU.Build.0 = Debug|Any CPU
		{B6E69ECD-CB2D-4ED1-8132-C55E89141A4A}.Release|Any CPU.ActiveCfg = Release|Any CPU
		{B6E69ECD-CB2D-4ED1-8132-C55E89141A4A}.Release|Any CPU.Build.0 = Release|Any CPU
	EndGlobalSection
	GlobalSection(SolutionProperties) = preSolution
		HideSolutionNode = FALSE
	EndGlobalSection
	GlobalSection(ExtensibilityGlobals) = postSolution
		SolutionGuid = {C7EBC2AD-C737-48B5-8718-44AA90C856E1}
	EndGlobalSection
EndGlobal
