
Microsoft Visual Studio Solution File, Format Version 12.00
# Visual Studio Version 16
VisualStudioVersion = 16.0.32126.315
MinimumVisualStudioVersion = 10.0.40219.1
Project("{FAE04EC0-301F-11D3-BF4B-00C04F79EFBC}") = "Ex1_Pag15_10", "Ex1_Pag15_10\Ex1_Pag15_10.csproj", "{53E92DBB-5544-4210-8424-2B50848FA233}"
EndProject
Global
	GlobalSection(SolutionConfigurationPlatforms) = preSolution
		Debug|Any CPU = Debug|Any CPU
		Release|Any CPU = Release|Any CPU
	EndGlobalSection
	GlobalSection(ProjectConfigurationPlatforms) = postSolution
		{53E92DBB-5544-4210-8424-2B50848FA233}.Debug|Any CPU.ActiveCfg = Debug|Any CPU
		{53E92DBB-5544-4210-8424-2B50848FA233}.Debug|Any CPU.Build.0 = Debug|Any CPU
		{53E92DBB-5544-4210-8424-2B50848FA233}.Release|Any CPU.ActiveCfg = Release|Any CPU
		{53E92DBB-5544-4210-8424-2B50848FA233}.Release|Any CPU.Build.0 = Release|Any CPU
	EndGlobalSection
	GlobalSection(SolutionProperties) = preSolution
		HideSolutionNode = FALSE
	EndGlobalSection
	GlobalSection(ExtensibilityGlobals) = postSolution
		SolutionGuid = {9F85B699-FF79-40C8-BAFE-E570A4D18E22}
	EndGlobalSection
EndGlobal
