
Microsoft Visual Studio Solution File, Format Version 12.00
# Visual Studio Version 16
VisualStudioVersion = 16.0.32126.315
MinimumVisualStudioVersion = 10.0.40219.1
Project("{FAE04EC0-301F-11D3-BF4B-00C04F79EFBC}") = "Ex1_Pag15_042", "Ex1_Pag15_042\Ex1_Pag15_042.csproj", "{5D7CC2E0-8BC7-4204-88D1-DDC3C9164A8C}"
EndProject
Global
	GlobalSection(SolutionConfigurationPlatforms) = preSolution
		Debug|Any CPU = Debug|Any CPU
		Release|Any CPU = Release|Any CPU
	EndGlobalSection
	GlobalSection(ProjectConfigurationPlatforms) = postSolution
		{5D7CC2E0-8BC7-4204-88D1-DDC3C9164A8C}.Debug|Any CPU.ActiveCfg = Debug|Any CPU
		{5D7CC2E0-8BC7-4204-88D1-DDC3C9164A8C}.Debug|Any CPU.Build.0 = Debug|Any CPU
		{5D7CC2E0-8BC7-4204-88D1-DDC3C9164A8C}.Release|Any CPU.ActiveCfg = Release|Any CPU
		{5D7CC2E0-8BC7-4204-88D1-DDC3C9164A8C}.Release|Any CPU.Build.0 = Release|Any CPU
	EndGlobalSection
	GlobalSection(SolutionProperties) = preSolution
		HideSolutionNode = FALSE
	EndGlobalSection
	GlobalSection(ExtensibilityGlobals) = postSolution
		SolutionGuid = {415F4555-C3CF-464F-9B04-7976A3022537}
	EndGlobalSection
EndGlobal
