
Microsoft Visual Studio Solution File, Format Version 12.00
# Visual Studio Version 17
VisualStudioVersion = 17.0.32014.148
MinimumVisualStudioVersion = 10.0.40219.1
Project("{FAE04EC0-301F-11D3-BF4B-00C04F79EFBC}") = "Ex1_Pag18_02", "Ex1_Pag18_02\Ex1_Pag18_02.csproj", "{C554F6B5-ED73-4278-9D62-81EE18814AFE}"
EndProject
Global
	GlobalSection(SolutionConfigurationPlatforms) = preSolution
		Debug|Any CPU = Debug|Any CPU
		Release|Any CPU = Release|Any CPU
	EndGlobalSection
	GlobalSection(ProjectConfigurationPlatforms) = postSolution
		{C554F6B5-ED73-4278-9D62-81EE18814AFE}.Debug|Any CPU.ActiveCfg = Debug|Any CPU
		{C554F6B5-ED73-4278-9D62-81EE18814AFE}.Debug|Any CPU.Build.0 = Debug|Any CPU
		{C554F6B5-ED73-4278-9D62-81EE18814AFE}.Release|Any CPU.ActiveCfg = Release|Any CPU
		{C554F6B5-ED73-4278-9D62-81EE18814AFE}.Release|Any CPU.Build.0 = Release|Any CPU
	EndGlobalSection
	GlobalSection(SolutionProperties) = preSolution
		HideSolutionNode = FALSE
	EndGlobalSection
	GlobalSection(ExtensibilityGlobals) = postSolution
		SolutionGuid = {98933185-EAB7-4B43-A73F-6D44641539AD}
	EndGlobalSection
EndGlobal
